
Microsoft Visual Studio Solution File, Format Version 12.00
# Visual Studio Version 17
VisualStudioVersion = 17.1.32210.238
MinimumVisualStudioVersion = 10.0.40219.1
Project("{9A19103F-16F7-4668-BE54-9A1E7A4F7556}") = "CoffeeMachine.Web", "CoffeeMachine.Web\CoffeeMachine.Web.csproj", "{E4DE32A7-D5B1-4A3D-94CC-7BA79545BB3A}"
EndProject
Project("{9A19103F-16F7-4668-BE54-9A1E7A4F7556}") = "CoffeeMachine.BL", "CoffeeMachine.BL\CoffeeMachine.BL.csproj", "{685BFA6C-1B23-40A2-BF4B-28B99D5C4368}"
EndProject
Project("{2150E333-8FDC-42A3-9474-1A3956D46DE8}") = "Tests", "Tests", "{96CC59D5-E5CC-4FD3-9F33-3DB57484F30F}"
EndProject
Project("{9A19103F-16F7-4668-BE54-9A1E7A4F7556}") = "CoffeeMachine.BL.Tests", "Tests\CoffeeMachine.BL.Tests\CoffeeMachine.BL.Tests.csproj", "{26118915-28B1-48F8-BEFF-07DCDA4EF9BB}"
EndProject
Project("{9A19103F-16F7-4668-BE54-9A1E7A4F7556}") = "CoffeMachine.Data", "CoffeMachine.Data\CoffeMachine.Data.csproj", "{BB3CAFDC-6F34-4D1D-B28F-3BDF392EF351}"
EndProject
Project("{9A19103F-16F7-4668-BE54-9A1E7A4F7556}") = "CoffeeMachine.Web.Tests", "Tests\CoffeeMachine.Web.Tests\CoffeeMachine.Web.Tests.csproj", "{21A781C4-5234-4F5F-888B-869ABE46DA5B}"
EndProject
Project("{9A19103F-16F7-4668-BE54-9A1E7A4F7556}") = "CoffeeMachine.Data.Tests", "Tests\CoffeeMachine.Data.Tests\CoffeeMachine.Data.Tests.csproj", "{1173DD8F-A9C5-4625-BB76-A62254FAF6D5}"
EndProject
Global
	GlobalSection(SolutionConfigurationPlatforms) = preSolution
		Debug|Any CPU = Debug|Any CPU
		Release|Any CPU = Release|Any CPU
	EndGlobalSection
	GlobalSection(ProjectConfigurationPlatforms) = postSolution
		{E4DE32A7-D5B1-4A3D-94CC-7BA79545BB3A}.Debug|Any CPU.ActiveCfg = Debug|Any CPU
		{E4DE32A7-D5B1-4A3D-94CC-7BA79545BB3A}.Debug|Any CPU.Build.0 = Debug|Any CPU
		{E4DE32A7-D5B1-4A3D-94CC-7BA79545BB3A}.Release|Any CPU.ActiveCfg = Release|Any CPU
		{E4DE32A7-D5B1-4A3D-94CC-7BA79545BB3A}.Release|Any CPU.Build.0 = Release|Any CPU
		{685BFA6C-1B23-40A2-BF4B-28B99D5C4368}.Debug|Any CPU.ActiveCfg = Debug|Any CPU
		{685BFA6C-1B23-40A2-BF4B-28B99D5C4368}.Debug|Any CPU.Build.0 = Debug|Any CPU
		{685BFA6C-1B23-40A2-BF4B-28B99D5C4368}.Release|Any CPU.ActiveCfg = Release|Any CPU
		{685BFA6C-1B23-40A2-BF4B-28B99D5C4368}.Release|Any CPU.Build.0 = Release|Any CPU
		{26118915-28B1-48F8-BEFF-07DCDA4EF9BB}.Debug|Any CPU.ActiveCfg = Debug|Any CPU
		{26118915-28B1-48F8-BEFF-07DCDA4EF9BB}.Debug|Any CPU.Build.0 = Debug|Any CPU
		{26118915-28B1-48F8-BEFF-07DCDA4EF9BB}.Release|Any CPU.ActiveCfg = Release|Any CPU
		{26118915-28B1-48F8-BEFF-07DCDA4EF9BB}.Release|Any CPU.Build.0 = Release|Any CPU
		{BB3CAFDC-6F34-4D1D-B28F-3BDF392EF351}.Debug|Any CPU.ActiveCfg = Debug|Any CPU
		{BB3CAFDC-6F34-4D1D-B28F-3BDF392EF351}.Debug|Any CPU.Build.0 = Debug|Any CPU
		{BB3CAFDC-6F34-4D1D-B28F-3BDF392EF351}.Release|Any CPU.ActiveCfg = Release|Any CPU
		{BB3CAFDC-6F34-4D1D-B28F-3BDF392EF351}.Release|Any CPU.Build.0 = Release|Any CPU
		{21A781C4-5234-4F5F-888B-869ABE46DA5B}.Debug|Any CPU.ActiveCfg = Debug|Any CPU
		{21A781C4-5234-4F5F-888B-869ABE46DA5B}.Debug|Any CPU.Build.0 = Debug|Any CPU
		{21A781C4-5234-4F5F-888B-869ABE46DA5B}.Release|Any CPU.ActiveCfg = Release|Any CPU
		{21A781C4-5234-4F5F-888B-869ABE46DA5B}.Release|Any CPU.Build.0 = Release|Any CPU
		{1173DD8F-A9C5-4625-BB76-A62254FAF6D5}.Debug|Any CPU.ActiveCfg = Debug|Any CPU
		{1173DD8F-A9C5-4625-BB76-A62254FAF6D5}.Debug|Any CPU.Build.0 = Debug|Any CPU
		{1173DD8F-A9C5-4625-BB76-A62254FAF6D5}.Release|Any CPU.ActiveCfg = Release|Any CPU
		{1173DD8F-A9C5-4625-BB76-A62254FAF6D5}.Release|Any CPU.Build.0 = Release|Any CPU
	EndGlobalSection
	GlobalSection(SolutionProperties) = preSolution
		HideSolutionNode = FALSE
	EndGlobalSection
	GlobalSection(NestedProjects) = preSolution
		{26118915-28B1-48F8-BEFF-07DCDA4EF9BB} = {96CC59D5-E5CC-4FD3-9F33-3DB57484F30F}
		{21A781C4-5234-4F5F-888B-869ABE46DA5B} = {96CC59D5-E5CC-4FD3-9F33-3DB57484F30F}
		{1173DD8F-A9C5-4625-BB76-A62254FAF6D5} = {96CC59D5-E5CC-4FD3-9F33-3DB57484F30F}
	EndGlobalSection
	GlobalSection(ExtensibilityGlobals) = postSolution
		SolutionGuid = {7DFEBE37-FDDB-4A65-98DA-9B9931A90787}
	EndGlobalSection
EndGlobal
